
Microsoft Visual Studio Solution File, Format Version 12.00
# Visual Studio Version 17
VisualStudioVersion = 17.3.32811.315
MinimumVisualStudioVersion = 10.0.40219.1
Project("{8BC9CEB8-8B4A-11D0-8D11-00A0C91BC942}") = "Graded Exercise 8", "Graded Exercise 8\Graded Exercise 8.vcxproj", "{A27A87BA-FA0B-45C9-BD44-13FEBC807410}"
EndProject
Global
	GlobalSection(SolutionConfigurationPlatforms) = preSolution
		Debug|x64 = Debug|x64
		Debug|x86 = Debug|x86
		Release|x64 = Release|x64
		Release|x86 = Release|x86
	EndGlobalSection
	GlobalSection(ProjectConfigurationPlatforms) = postSolution
		{A27A87BA-FA0B-45C9-BD44-13FEBC807410}.Debug|x64.ActiveCfg = Debug|x64
		{A27A87BA-FA0B-45C9-BD44-13FEBC807410}.Debug|x64.Build.0 = Debug|x64
		{A27A87BA-FA0B-45C9-BD44-13FEBC807410}.Debug|x86.ActiveCfg = Debug|Win32
		{A27A87BA-FA0B-45C9-BD44-13FEBC807410}.Debug|x86.Build.0 = Debug|Win32
		{A27A87BA-FA0B-45C9-BD44-13FEBC807410}.Release|x64.ActiveCfg = Release|x64
		{A27A87BA-FA0B-45C9-BD44-13FEBC807410}.Release|x64.Build.0 = Release|x64
		{A27A87BA-FA0B-45C9-BD44-13FEBC807410}.Release|x86.ActiveCfg = Release|Win32
		{A27A87BA-FA0B-45C9-BD44-13FEBC807410}.Release|x86.Build.0 = Release|Win32
	EndGlobalSection
	GlobalSection(SolutionProperties) = preSolution
		HideSolutionNode = FALSE
	EndGlobalSection
	GlobalSection(ExtensibilityGlobals) = postSolution
		SolutionGuid = {7ED5A542-85DA-455F-BE32-C62DC11EF415}
	EndGlobalSection
EndGlobal
